{
 "graph_lock": {
  "nodes": {
   "0": {
    "options": "cppitertools:zip_longest=False\nglfw:shared=False\nglfw:vulkan_static=False\nstb:with_deprecated=True\ntinygltf:draco=False\ntinygltf:stb_image=True\ntinygltf:stb_image_write=True",
    "requires": [
     "1",
     "2",
     "4",
     "5",
     "6"
    ],
    "path": "conanfile.txt",
    "context": "host"
   },
   "1": {
    "ref": "cppitertools/2.1",
    "options": "zip_longest=False",
    "package_id": "5ab84d6acfe1f23c4fae0ab88f26e3a396351ac9",
    "prev": "0",
    "context": "host"
   },
   "2": {
    "ref": "glfw/3.3.4",
    "options": "shared=False\nvulkan_static=False",
    "package_id": "d3cffeefc8c8bcb6be8abdd182cb1b56fc81bacc",
    "prev": "0",
    "requires": [
     "3"
    ],
    "context": "host"
   },
   "3": {
    "ref": "opengl/system",
    "options": "",
    "package_id": "5ab84d6acfe1f23c4fae0ab88f26e3a396351ac9",
    "prev": "0",
    "context": "host"
   },
   "4": {
    "ref": "glm/0.9.9.8",
    "options": "",
    "package_id": "5ab84d6acfe1f23c4fae0ab88f26e3a396351ac9",
    "prev": "0",
    "context": "host"
   },
   "5": {
    "ref": "stb/cci.20210713",
    "options": "with_deprecated=True",
    "package_id": "5ab84d6acfe1f23c4fae0ab88f26e3a396351ac9",
    "prev": "0",
    "context": "host"
   },
   "6": {
    "ref": "tinygltf/2.5.0",
    "options": "draco=False\nstb_image=True\nstb_image_write=True\nstb:with_deprecated=True",
    "package_id": "5ab84d6acfe1f23c4fae0ab88f26e3a396351ac9",
    "prev": "0",
    "requires": [
     "7",
     "5"
    ],
    "context": "host"
   },
   "7": {
    "ref": "nlohmann_json/3.9.1",
    "options": "",
    "package_id": "5ab84d6acfe1f23c4fae0ab88f26e3a396351ac9",
    "prev": "0",
    "context": "host"
   }
  },
  "revisions_enabled": false
 },
 "version": "0.4",
 "profile_host": "[settings]\narch=x86_64\narch_build=x86_64\nbuild_type=Release\ncompiler=Visual Studio\ncompiler.runtime=MD\ncompiler.version=16\nos=Windows\nos_build=Windows\n[options]\n[build_requires]\n[env]\n"
}